
Microsoft Visual Studio Solution File, Format Version 12.00
Project("{FAE04EC0-301F-11D3-BF4B-00C04F79EFBC}") = "Repository", "Repository\Repository.csproj", "{B4E95EA5-6BD5-4792-BC56-ABFF4E08B610}"
EndProject
Project("{FAE04EC0-301F-11D3-BF4B-00C04F79EFBC}") = "AstronomyTests", "AstronomyTests\AstronomyTests.csproj", "{BD46CD7B-691F-4CBB-9F4D-21840E4F55AD}"
EndProject
Project("{FAE04EC0-301F-11D3-BF4B-00C04F79EFBC}") = "Program", "Program\Program.csproj", "{C9C8B06B-1F59-4975-AFE1-766AE0528702}"
EndProject
Project("{FAE04EC0-301F-11D3-BF4B-00C04F79EFBC}") = "Algorithms", "Algorithms\Algorithms.csproj", "{D66EDA98-F2AD-4E77-892E-4775E3CBE074}"
EndProject
Project("{FAE04EC0-301F-11D3-BF4B-00C04F79EFBC}") = "SOFA", "SOFA\SOFA.csproj", "{B69A71D3-ACBE-43BE-9619-57001158AE8D}"
EndProject
Global
	GlobalSection(SolutionConfigurationPlatforms) = preSolution
		Debug|Any CPU = Debug|Any CPU
		Release|Any CPU = Release|Any CPU
	EndGlobalSection
	GlobalSection(ProjectConfigurationPlatforms) = postSolution
		{B4E95EA5-6BD5-4792-BC56-ABFF4E08B610}.Debug|Any CPU.ActiveCfg = Debug|Any CPU
		{B4E95EA5-6BD5-4792-BC56-ABFF4E08B610}.Debug|Any CPU.Build.0 = Debug|Any CPU
		{B4E95EA5-6BD5-4792-BC56-ABFF4E08B610}.Release|Any CPU.ActiveCfg = Release|Any CPU
		{B4E95EA5-6BD5-4792-BC56-ABFF4E08B610}.Release|Any CPU.Build.0 = Release|Any CPU
		{BD46CD7B-691F-4CBB-9F4D-21840E4F55AD}.Debug|Any CPU.ActiveCfg = Debug|Any CPU
		{BD46CD7B-691F-4CBB-9F4D-21840E4F55AD}.Debug|Any CPU.Build.0 = Debug|Any CPU
		{BD46CD7B-691F-4CBB-9F4D-21840E4F55AD}.Release|Any CPU.ActiveCfg = Release|Any CPU
		{BD46CD7B-691F-4CBB-9F4D-21840E4F55AD}.Release|Any CPU.Build.0 = Release|Any CPU
		{C9C8B06B-1F59-4975-AFE1-766AE0528702}.Debug|Any CPU.ActiveCfg = Debug|Any CPU
		{C9C8B06B-1F59-4975-AFE1-766AE0528702}.Debug|Any CPU.Build.0 = Debug|Any CPU
		{C9C8B06B-1F59-4975-AFE1-766AE0528702}.Release|Any CPU.ActiveCfg = Release|Any CPU
		{C9C8B06B-1F59-4975-AFE1-766AE0528702}.Release|Any CPU.Build.0 = Release|Any CPU
		{D66EDA98-F2AD-4E77-892E-4775E3CBE074}.Debug|Any CPU.ActiveCfg = Debug|Any CPU
		{D66EDA98-F2AD-4E77-892E-4775E3CBE074}.Debug|Any CPU.Build.0 = Debug|Any CPU
		{D66EDA98-F2AD-4E77-892E-4775E3CBE074}.Release|Any CPU.ActiveCfg = Release|Any CPU
		{D66EDA98-F2AD-4E77-892E-4775E3CBE074}.Release|Any CPU.Build.0 = Release|Any CPU
		{E88D638A-8219-48C2-B2EB-20D6BBDDC123}.Debug|Any CPU.ActiveCfg = Debug|Any CPU
		{E88D638A-8219-48C2-B2EB-20D6BBDDC123}.Debug|Any CPU.Build.0 = Debug|Any CPU
		{E88D638A-8219-48C2-B2EB-20D6BBDDC123}.Release|Any CPU.ActiveCfg = Release|Any CPU
		{E88D638A-8219-48C2-B2EB-20D6BBDDC123}.Release|Any CPU.Build.0 = Release|Any CPU
		{0BA85F1D-1A17-4DDE-AB17-4C0F83141EB0}.Debug|Any CPU.ActiveCfg = Debug|Any CPU
		{0BA85F1D-1A17-4DDE-AB17-4C0F83141EB0}.Debug|Any CPU.Build.0 = Debug|Any CPU
		{0BA85F1D-1A17-4DDE-AB17-4C0F83141EB0}.Release|Any CPU.ActiveCfg = Release|Any CPU
		{0BA85F1D-1A17-4DDE-AB17-4C0F83141EB0}.Release|Any CPU.Build.0 = Release|Any CPU
		{B69A71D3-ACBE-43BE-9619-57001158AE8D}.Debug|Any CPU.ActiveCfg = Debug|Any CPU
		{B69A71D3-ACBE-43BE-9619-57001158AE8D}.Debug|Any CPU.Build.0 = Debug|Any CPU
		{B69A71D3-ACBE-43BE-9619-57001158AE8D}.Release|Any CPU.ActiveCfg = Release|Any CPU
		{B69A71D3-ACBE-43BE-9619-57001158AE8D}.Release|Any CPU.Build.0 = Release|Any CPU
	EndGlobalSection
EndGlobal
